
Microsoft Visual Studio Solution File, Format Version 12.00
# Visual Studio Version 17
VisualStudioVersion = 17.7.34202.233
MinimumVisualStudioVersion = 10.0.40219.1
Project("{2150E333-8FDC-42A3-9474-1A3956D46DE8}") = "Modules", "Modules", "{19B22641-D119-45C2-AEA9-BE8F80D73942}"
EndProject
Project("{2150E333-8FDC-42A3-9474-1A3956D46DE8}") = "BuildingBlocks", "BuildingBlocks", "{0C2F23F9-072B-4A30-9686-3227F5D9CDD5}"
EndProject
Project("{9A19103F-16F7-4668-BE54-9A1E7A4F7556}") = "Explorer.API", "ExplorerAPI\Explorer.API.csproj", "{AEA78039-636B-4722-9EAC-F27A45DC7372}"
EndProject
Project("{9A19103F-16F7-4668-BE54-9A1E7A4F7556}") = "Explorer.BuildingBlocks.Infrastructure", "BuildingBlocks\Explorer.BuildingBlocks.Infrastructure\Explorer.BuildingBlocks.Infrastructure.csproj", "{9499D5EF-8D3F-4CC1-8207-8127D67FE9ED}"
EndProject
Project("{9A19103F-16F7-4668-BE54-9A1E7A4F7556}") = "Explorer.BuildingBlocks.Core", "BuildingBlocks\Explorer.BuildingBlocks.Core\Explorer.BuildingBlocks.Core.csproj", "{6AB6ED70-75E2-4B0A-8FAE-D0B197E2FBFA}"
EndProject
Project("{2150E333-8FDC-42A3-9474-1A3956D46DE8}") = "Stakeholders", "Stakeholders", "{4D2951FE-4531-4508-95A0-EFD335D9860D}"
EndProject
Project("{FAE04EC0-301F-11D3-BF4B-00C04F79EFBC}") = "Explorer.Stakeholders.Core", "Modules\Stakeholders\Explorer.Stakeholders.Core\Explorer.Stakeholders.Core.csproj", "{EABF665B-CD28-444E-860D-D23D7180C4F3}"
EndProject
Project("{FAE04EC0-301F-11D3-BF4B-00C04F79EFBC}") = "Explorer.Stakeholders.API", "Modules\Stakeholders\Explorer.Stakeholders.API\Explorer.Stakeholders.API.csproj", "{1E1C1D49-B1DB-448A-A072-193CDEC3C3D1}"
EndProject
Project("{FAE04EC0-301F-11D3-BF4B-00C04F79EFBC}") = "Explorer.Stakeholders.Infrastrcture", "Modules\Stakeholders\Explorer.Stakeholders.Infrastrcture\Explorer.Stakeholders.Infrastrcture.csproj", "{220215E7-378B-46AE-AF6F-D4910D27158C}"
EndProject
Global
	GlobalSection(SolutionConfigurationPlatforms) = preSolution
		Debug|Any CPU = Debug|Any CPU
		Release|Any CPU = Release|Any CPU
	EndGlobalSection
	GlobalSection(ProjectConfigurationPlatforms) = postSolution
		{AEA78039-636B-4722-9EAC-F27A45DC7372}.Debug|Any CPU.ActiveCfg = Debug|Any CPU
		{AEA78039-636B-4722-9EAC-F27A45DC7372}.Debug|Any CPU.Build.0 = Debug|Any CPU
		{AEA78039-636B-4722-9EAC-F27A45DC7372}.Release|Any CPU.ActiveCfg = Release|Any CPU
		{AEA78039-636B-4722-9EAC-F27A45DC7372}.Release|Any CPU.Build.0 = Release|Any CPU
		{9499D5EF-8D3F-4CC1-8207-8127D67FE9ED}.Debug|Any CPU.ActiveCfg = Debug|Any CPU
		{9499D5EF-8D3F-4CC1-8207-8127D67FE9ED}.Debug|Any CPU.Build.0 = Debug|Any CPU
		{9499D5EF-8D3F-4CC1-8207-8127D67FE9ED}.Release|Any CPU.ActiveCfg = Release|Any CPU
		{9499D5EF-8D3F-4CC1-8207-8127D67FE9ED}.Release|Any CPU.Build.0 = Release|Any CPU
		{6AB6ED70-75E2-4B0A-8FAE-D0B197E2FBFA}.Debug|Any CPU.ActiveCfg = Debug|Any CPU
		{6AB6ED70-75E2-4B0A-8FAE-D0B197E2FBFA}.Debug|Any CPU.Build.0 = Debug|Any CPU
		{6AB6ED70-75E2-4B0A-8FAE-D0B197E2FBFA}.Release|Any CPU.ActiveCfg = Release|Any CPU
		{6AB6ED70-75E2-4B0A-8FAE-D0B197E2FBFA}.Release|Any CPU.Build.0 = Release|Any CPU
		{EABF665B-CD28-444E-860D-D23D7180C4F3}.Debug|Any CPU.ActiveCfg = Debug|Any CPU
		{EABF665B-CD28-444E-860D-D23D7180C4F3}.Debug|Any CPU.Build.0 = Debug|Any CPU
		{EABF665B-CD28-444E-860D-D23D7180C4F3}.Release|Any CPU.ActiveCfg = Release|Any CPU
		{EABF665B-CD28-444E-860D-D23D7180C4F3}.Release|Any CPU.Build.0 = Release|Any CPU
		{1E1C1D49-B1DB-448A-A072-193CDEC3C3D1}.Debug|Any CPU.ActiveCfg = Debug|Any CPU
		{1E1C1D49-B1DB-448A-A072-193CDEC3C3D1}.Debug|Any CPU.Build.0 = Debug|Any CPU
		{1E1C1D49-B1DB-448A-A072-193CDEC3C3D1}.Release|Any CPU.ActiveCfg = Release|Any CPU
		{1E1C1D49-B1DB-448A-A072-193CDEC3C3D1}.Release|Any CPU.Build.0 = Release|Any CPU
		{220215E7-378B-46AE-AF6F-D4910D27158C}.Debug|Any CPU.ActiveCfg = Debug|Any CPU
		{220215E7-378B-46AE-AF6F-D4910D27158C}.Debug|Any CPU.Build.0 = Debug|Any CPU
		{220215E7-378B-46AE-AF6F-D4910D27158C}.Release|Any CPU.ActiveCfg = Release|Any CPU
		{220215E7-378B-46AE-AF6F-D4910D27158C}.Release|Any CPU.Build.0 = Release|Any CPU
	EndGlobalSection
	GlobalSection(SolutionProperties) = preSolution
		HideSolutionNode = FALSE
	EndGlobalSection
	GlobalSection(NestedProjects) = preSolution
		{9499D5EF-8D3F-4CC1-8207-8127D67FE9ED} = {0C2F23F9-072B-4A30-9686-3227F5D9CDD5}
		{6AB6ED70-75E2-4B0A-8FAE-D0B197E2FBFA} = {0C2F23F9-072B-4A30-9686-3227F5D9CDD5}
		{4D2951FE-4531-4508-95A0-EFD335D9860D} = {19B22641-D119-45C2-AEA9-BE8F80D73942}
		{EABF665B-CD28-444E-860D-D23D7180C4F3} = {4D2951FE-4531-4508-95A0-EFD335D9860D}
		{1E1C1D49-B1DB-448A-A072-193CDEC3C3D1} = {4D2951FE-4531-4508-95A0-EFD335D9860D}
		{220215E7-378B-46AE-AF6F-D4910D27158C} = {4D2951FE-4531-4508-95A0-EFD335D9860D}
	EndGlobalSection
	GlobalSection(ExtensibilityGlobals) = postSolution
		SolutionGuid = {5F261F67-743D-482C-8B64-36B7A52F7884}
	EndGlobalSection
EndGlobal
